
Microsoft Visual Studio Solution File, Format Version 12.00
# Visual Studio Version 17
VisualStudioVersion = 17.5.33516.290
MinimumVisualStudioVersion = 10.0.40219.1
Project("{2150E333-8FDC-42A3-9474-1A3956D46DE8}") = "Medium", "Medium", "{DDFCE2A1-439F-493B-A33A-23DCF6B575EE}"
EndProject
Project("{9A19103F-16F7-4668-BE54-9A1E7A4F7556}") = "SortStack", "Medium\SortStack\SortStack.csproj", "{689D1B4C-1678-4125-AF63-58982CE36F59}"
EndProject
Project("{9A19103F-16F7-4668-BE54-9A1E7A4F7556}") = "BalancedBrackets", "Medium\BalancedBrackets\BalancedBrackets.csproj", "{E9BA2CF1-7393-403E-96C6-A224E7520224}"
EndProject
Project("{9A19103F-16F7-4668-BE54-9A1E7A4F7556}") = "SunsetViews", "Medium\SunsetViews\SunsetViews.csproj", "{F11A9B7C-6455-41B8-84B4-53DD42B764F5}"
EndProject
Project("{9A19103F-16F7-4668-BE54-9A1E7A4F7556}") = "BestDigits", "Medium\BestDigits\BestDigits.csproj", "{52872528-EBA2-41CA-A53D-4E29B156DE6F}"
EndProject
Project("{9A19103F-16F7-4668-BE54-9A1E7A4F7556}") = "MinMaxStackConstruction", "Medium\MinMaxStackConstruction\MinMaxStackConstruction.csproj", "{349978E3-C017-48ED-9FB4-9341DFDFAE9A}"
EndProject
Global
	GlobalSection(SolutionConfigurationPlatforms) = preSolution
		Debug|Any CPU = Debug|Any CPU
		Release|Any CPU = Release|Any CPU
	EndGlobalSection
	GlobalSection(ProjectConfigurationPlatforms) = postSolution
		{689D1B4C-1678-4125-AF63-58982CE36F59}.Debug|Any CPU.ActiveCfg = Debug|Any CPU
		{689D1B4C-1678-4125-AF63-58982CE36F59}.Debug|Any CPU.Build.0 = Debug|Any CPU
		{689D1B4C-1678-4125-AF63-58982CE36F59}.Release|Any CPU.ActiveCfg = Release|Any CPU
		{689D1B4C-1678-4125-AF63-58982CE36F59}.Release|Any CPU.Build.0 = Release|Any CPU
		{E9BA2CF1-7393-403E-96C6-A224E7520224}.Debug|Any CPU.ActiveCfg = Debug|Any CPU
		{E9BA2CF1-7393-403E-96C6-A224E7520224}.Debug|Any CPU.Build.0 = Debug|Any CPU
		{E9BA2CF1-7393-403E-96C6-A224E7520224}.Release|Any CPU.ActiveCfg = Release|Any CPU
		{E9BA2CF1-7393-403E-96C6-A224E7520224}.Release|Any CPU.Build.0 = Release|Any CPU
		{F11A9B7C-6455-41B8-84B4-53DD42B764F5}.Debug|Any CPU.ActiveCfg = Debug|Any CPU
		{F11A9B7C-6455-41B8-84B4-53DD42B764F5}.Debug|Any CPU.Build.0 = Debug|Any CPU
		{F11A9B7C-6455-41B8-84B4-53DD42B764F5}.Release|Any CPU.ActiveCfg = Release|Any CPU
		{F11A9B7C-6455-41B8-84B4-53DD42B764F5}.Release|Any CPU.Build.0 = Release|Any CPU
		{52872528-EBA2-41CA-A53D-4E29B156DE6F}.Debug|Any CPU.ActiveCfg = Debug|Any CPU
		{52872528-EBA2-41CA-A53D-4E29B156DE6F}.Debug|Any CPU.Build.0 = Debug|Any CPU
		{52872528-EBA2-41CA-A53D-4E29B156DE6F}.Release|Any CPU.ActiveCfg = Release|Any CPU
		{52872528-EBA2-41CA-A53D-4E29B156DE6F}.Release|Any CPU.Build.0 = Release|Any CPU
		{349978E3-C017-48ED-9FB4-9341DFDFAE9A}.Debug|Any CPU.ActiveCfg = Debug|Any CPU
		{349978E3-C017-48ED-9FB4-9341DFDFAE9A}.Debug|Any CPU.Build.0 = Debug|Any CPU
		{349978E3-C017-48ED-9FB4-9341DFDFAE9A}.Release|Any CPU.ActiveCfg = Release|Any CPU
		{349978E3-C017-48ED-9FB4-9341DFDFAE9A}.Release|Any CPU.Build.0 = Release|Any CPU
	EndGlobalSection
	GlobalSection(SolutionProperties) = preSolution
		HideSolutionNode = FALSE
	EndGlobalSection
	GlobalSection(NestedProjects) = preSolution
		{689D1B4C-1678-4125-AF63-58982CE36F59} = {DDFCE2A1-439F-493B-A33A-23DCF6B575EE}
		{E9BA2CF1-7393-403E-96C6-A224E7520224} = {DDFCE2A1-439F-493B-A33A-23DCF6B575EE}
		{F11A9B7C-6455-41B8-84B4-53DD42B764F5} = {DDFCE2A1-439F-493B-A33A-23DCF6B575EE}
		{52872528-EBA2-41CA-A53D-4E29B156DE6F} = {DDFCE2A1-439F-493B-A33A-23DCF6B575EE}
		{349978E3-C017-48ED-9FB4-9341DFDFAE9A} = {DDFCE2A1-439F-493B-A33A-23DCF6B575EE}
	EndGlobalSection
	GlobalSection(ExtensibilityGlobals) = postSolution
		SolutionGuid = {EE7F6198-2FDA-4930-BFA8-0AA579A600CD}
	EndGlobalSection
EndGlobal
